
Microsoft Visual Studio Solution File, Format Version 12.00
# Visual Studio 2013
VisualStudioVersion = 12.0.31101.0
MinimumVisualStudioVersion = 10.0.40219.1
Project("{2150E333-8FDC-42A3-9474-1A3956D46DE8}") = "Samples", "Samples", "{92DF0256-7FFD-4A2E-8860-7ABF871FA6F0}"
EndProject
Project("{2150E333-8FDC-42A3-9474-1A3956D46DE8}") = "MVC", "MVC", "{CDCA3604-1C51-4A5E-AA18-781F5FBDB291}"
EndProject
Project("{2150E333-8FDC-42A3-9474-1A3956D46DE8}") = "HttpServer", "HttpServer", "{A41B20FE-7A47-41DC-83AE-5E4CEE7F0929}"
EndProject
Project("{FAE04EC0-301F-11D3-BF4B-00C04F79EFBC}") = "HttpServer", "HttpServer\HttpServer.csproj", "{363D4A84-957E-4CDA-ACB7-EEDE603FDD81}"
EndProject
Project("{FAE04EC0-301F-11D3-BF4B-00C04F79EFBC}") = "HttpServerTest", "HttpServerTest\HttpServerTest.csproj", "{A009698D-D249-4CC2-B77C-C67FAAA5EB08}"
EndProject
Project("{FAE04EC0-301F-11D3-BF4B-00C04F79EFBC}") = "HttpServer.Mvc", "HttpServer.Mvc\HttpServer.Mvc.csproj", "{24545E0C-1C5D-4D34-84C5-8FC5FCCFA02F}"
EndProject
Project("{FAE04EC0-301F-11D3-BF4B-00C04F79EFBC}") = "HttpServer.ViewEngine.Spark", "HttpServer.ViewEngine.Spark\HttpServer.ViewEngine.Spark.csproj", "{18C00E6C-D0EA-482A-B825-74CD5974481D}"
EndProject
Project("{FAE04EC0-301F-11D3-BF4B-00C04F79EFBC}") = "HttpServer.ViewEngine.NHaml", "HttpServer.ViewEngine.NHaml\HttpServer.ViewEngine.NHaml.csproj", "{B90618C7-895A-4D3C-8BE3-CE4631B5DDE0}"
EndProject
Project("{FAE04EC0-301F-11D3-BF4B-00C04F79EFBC}") = "NHaml", "Samples\MVC\NHaml\NHaml.csproj", "{77D3CA18-ED5B-4C9F-B3C8-27735B00DFF4}"
EndProject
Project("{FAE04EC0-301F-11D3-BF4B-00C04F79EFBC}") = "HttpListenerSample", "Samples\HttpServer\HttpListener\HttpListenerSample.csproj", "{9AE8FD15-B472-431D-AD88-A868E40A789B}"
EndProject
Project("{FAE04EC0-301F-11D3-BF4B-00C04F79EFBC}") = "WebServerSample", "Samples\HttpServer\WebServer\WebServerSample.csproj", "{4B09FAF7-0F3E-4885-82D9-1D9B2599C6C2}"
EndProject
Project("{FAE04EC0-301F-11D3-BF4B-00C04F79EFBC}") = "Spark", "Samples\MVC\Spark\Spark.csproj", "{97B6D014-EF4D-49C8-BF30-3C3F0D0933DA}"
EndProject
Project("{FAE04EC0-301F-11D3-BF4B-00C04F79EFBC}") = "SecureListener", "Samples\HttpServer\SecureListener\SecureListener.csproj", "{0DD39E10-5348-4473-9235-C850824072CD}"
EndProject
Project("{FAE04EC0-301F-11D3-BF4B-00C04F79EFBC}") = "CustomModule", "Samples\HttpServer\CustomModule\CustomModule.csproj", "{E6E61E64-4FE6-4381-AD05-C13CBCDA3C45}"
EndProject
Project("{FAE04EC0-301F-11D3-BF4B-00C04F79EFBC}") = "SimpleServer", "..\webserver3\Samples\HttpServer\SimpleServer\SimpleServer.csproj", "{0D7F7BFB-FA6A-4FA5-A7BA-E341A56C1AC1}"
EndProject
Project("{FAE04EC0-301F-11D3-BF4B-00C04F79EFBC}") = "IRobotQ.ControlCenter", "Samples\HttpServer\IRobotQ.ControlCenter\IRobotQ.ControlCenter.csproj", "{BE883516-A57F-4DB6-8635-9A761238C77B}"
EndProject
Global
	GlobalSection(SolutionConfigurationPlatforms) = preSolution
		Debug_ServerSide_Company|Any CPU = Debug_ServerSide_Company|Any CPU
		Debug_ServerSide_Company|Mixed Platforms = Debug_ServerSide_Company|Mixed Platforms
		Debug_ServerSide_Company|x86 = Debug_ServerSide_Company|x86
		Debug_ServerSide_校园网版|Any CPU = Debug_ServerSide_校园网版|Any CPU
		Debug_ServerSide_校园网版|Mixed Platforms = Debug_ServerSide_校园网版|Mixed Platforms
		Debug_ServerSide_校园网版|x86 = Debug_ServerSide_校园网版|x86
		Debug|Any CPU = Debug|Any CPU
		Debug|Mixed Platforms = Debug|Mixed Platforms
		Debug|x86 = Debug|x86
		Release_ServerSide_Company|Any CPU = Release_ServerSide_Company|Any CPU
		Release_ServerSide_Company|Mixed Platforms = Release_ServerSide_Company|Mixed Platforms
		Release_ServerSide_Company|x86 = Release_ServerSide_Company|x86
		Release_ServerSide_校园网版|Any CPU = Release_ServerSide_校园网版|Any CPU
		Release_ServerSide_校园网版|Mixed Platforms = Release_ServerSide_校园网版|Mixed Platforms
		Release_ServerSide_校园网版|x86 = Release_ServerSide_校园网版|x86
		Release|Any CPU = Release|Any CPU
		Release|Mixed Platforms = Release|Mixed Platforms
		Release|x86 = Release|x86
	EndGlobalSection
	GlobalSection(ProjectConfigurationPlatforms) = postSolution
		{363D4A84-957E-4CDA-ACB7-EEDE603FDD81}.Debug_ServerSide_Company|Any CPU.ActiveCfg = Debug|Any CPU
		{363D4A84-957E-4CDA-ACB7-EEDE603FDD81}.Debug_ServerSide_Company|Any CPU.Build.0 = Debug|Any CPU
		{363D4A84-957E-4CDA-ACB7-EEDE603FDD81}.Debug_ServerSide_Company|Mixed Platforms.ActiveCfg = Debug|Any CPU
		{363D4A84-957E-4CDA-ACB7-EEDE603FDD81}.Debug_ServerSide_Company|Mixed Platforms.Build.0 = Debug|Any CPU
		{363D4A84-957E-4CDA-ACB7-EEDE603FDD81}.Debug_ServerSide_Company|x86.ActiveCfg = Debug|Any CPU
		{363D4A84-957E-4CDA-ACB7-EEDE603FDD81}.Debug_ServerSide_校园网版|Any CPU.ActiveCfg = Debug|Any CPU
		{363D4A84-957E-4CDA-ACB7-EEDE603FDD81}.Debug_ServerSide_校园网版|Any CPU.Build.0 = Debug|Any CPU
		{363D4A84-957E-4CDA-ACB7-EEDE603FDD81}.Debug_ServerSide_校园网版|Mixed Platforms.ActiveCfg = Debug|Any CPU
		{363D4A84-957E-4CDA-ACB7-EEDE603FDD81}.Debug_ServerSide_校园网版|Mixed Platforms.Build.0 = Debug|Any CPU
		{363D4A84-957E-4CDA-ACB7-EEDE603FDD81}.Debug_ServerSide_校园网版|x86.ActiveCfg = Debug|Any CPU
		{363D4A84-957E-4CDA-ACB7-EEDE603FDD81}.Debug|Any CPU.ActiveCfg = Debug|Any CPU
		{363D4A84-957E-4CDA-ACB7-EEDE603FDD81}.Debug|Any CPU.Build.0 = Debug|Any CPU
		{363D4A84-957E-4CDA-ACB7-EEDE603FDD81}.Debug|Mixed Platforms.ActiveCfg = Debug|Any CPU
		{363D4A84-957E-4CDA-ACB7-EEDE603FDD81}.Debug|Mixed Platforms.Build.0 = Debug|Any CPU
		{363D4A84-957E-4CDA-ACB7-EEDE603FDD81}.Debug|x86.ActiveCfg = Debug|Any CPU
		{363D4A84-957E-4CDA-ACB7-EEDE603FDD81}.Release_ServerSide_Company|Any CPU.ActiveCfg = Release|Any CPU
		{363D4A84-957E-4CDA-ACB7-EEDE603FDD81}.Release_ServerSide_Company|Any CPU.Build.0 = Release|Any CPU
		{363D4A84-957E-4CDA-ACB7-EEDE603FDD81}.Release_ServerSide_Company|Mixed Platforms.ActiveCfg = Release|Any CPU
		{363D4A84-957E-4CDA-ACB7-EEDE603FDD81}.Release_ServerSide_Company|Mixed Platforms.Build.0 = Release|Any CPU
		{363D4A84-957E-4CDA-ACB7-EEDE603FDD81}.Release_ServerSide_Company|x86.ActiveCfg = Release|Any CPU
		{363D4A84-957E-4CDA-ACB7-EEDE603FDD81}.Release_ServerSide_校园网版|Any CPU.ActiveCfg = Release|Any CPU
		{363D4A84-957E-4CDA-ACB7-EEDE603FDD81}.Release_ServerSide_校园网版|Any CPU.Build.0 = Release|Any CPU
		{363D4A84-957E-4CDA-ACB7-EEDE603FDD81}.Release_ServerSide_校园网版|Mixed Platforms.ActiveCfg = Release|Any CPU
		{363D4A84-957E-4CDA-ACB7-EEDE603FDD81}.Release_ServerSide_校园网版|Mixed Platforms.Build.0 = Release|Any CPU
		{363D4A84-957E-4CDA-ACB7-EEDE603FDD81}.Release_ServerSide_校园网版|x86.ActiveCfg = Release|Any CPU
		{363D4A84-957E-4CDA-ACB7-EEDE603FDD81}.Release|Any CPU.ActiveCfg = Release|Any CPU
		{363D4A84-957E-4CDA-ACB7-EEDE603FDD81}.Release|Any CPU.Build.0 = Release|Any CPU
		{363D4A84-957E-4CDA-ACB7-EEDE603FDD81}.Release|Mixed Platforms.ActiveCfg = Release|Any CPU
		{363D4A84-957E-4CDA-ACB7-EEDE603FDD81}.Release|Mixed Platforms.Build.0 = Release|Any CPU
		{363D4A84-957E-4CDA-ACB7-EEDE603FDD81}.Release|x86.ActiveCfg = Release|Any CPU
		{A009698D-D249-4CC2-B77C-C67FAAA5EB08}.Debug_ServerSide_Company|Any CPU.ActiveCfg = Debug|Any CPU
		{A009698D-D249-4CC2-B77C-C67FAAA5EB08}.Debug_ServerSide_Company|Any CPU.Build.0 = Debug|Any CPU
		{A009698D-D249-4CC2-B77C-C67FAAA5EB08}.Debug_ServerSide_Company|Mixed Platforms.ActiveCfg = Debug|Any CPU
		{A009698D-D249-4CC2-B77C-C67FAAA5EB08}.Debug_ServerSide_Company|Mixed Platforms.Build.0 = Debug|Any CPU
		{A009698D-D249-4CC2-B77C-C67FAAA5EB08}.Debug_ServerSide_Company|x86.ActiveCfg = Debug|Any CPU
		{A009698D-D249-4CC2-B77C-C67FAAA5EB08}.Debug_ServerSide_校园网版|Any CPU.ActiveCfg = Debug|Any CPU
		{A009698D-D249-4CC2-B77C-C67FAAA5EB08}.Debug_ServerSide_校园网版|Any CPU.Build.0 = Debug|Any CPU
		{A009698D-D249-4CC2-B77C-C67FAAA5EB08}.Debug_ServerSide_校园网版|Mixed Platforms.ActiveCfg = Debug|Any CPU
		{A009698D-D249-4CC2-B77C-C67FAAA5EB08}.Debug_ServerSide_校园网版|Mixed Platforms.Build.0 = Debug|Any CPU
		{A009698D-D249-4CC2-B77C-C67FAAA5EB08}.Debug_ServerSide_校园网版|x86.ActiveCfg = Debug|Any CPU
		{A009698D-D249-4CC2-B77C-C67FAAA5EB08}.Debug|Any CPU.ActiveCfg = Debug|Any CPU
		{A009698D-D249-4CC2-B77C-C67FAAA5EB08}.Debug|Any CPU.Build.0 = Debug|Any CPU
		{A009698D-D249-4CC2-B77C-C67FAAA5EB08}.Debug|Mixed Platforms.ActiveCfg = Debug|Any CPU
		{A009698D-D249-4CC2-B77C-C67FAAA5EB08}.Debug|Mixed Platforms.Build.0 = Debug|Any CPU
		{A009698D-D249-4CC2-B77C-C67FAAA5EB08}.Debug|x86.ActiveCfg = Debug|Any CPU
		{A009698D-D249-4CC2-B77C-C67FAAA5EB08}.Release_ServerSide_Company|Any CPU.ActiveCfg = Release|Any CPU
		{A009698D-D249-4CC2-B77C-C67FAAA5EB08}.Release_ServerSide_Company|Any CPU.Build.0 = Release|Any CPU
		{A009698D-D249-4CC2-B77C-C67FAAA5EB08}.Release_ServerSide_Company|Mixed Platforms.ActiveCfg = Release|Any CPU
		{A009698D-D249-4CC2-B77C-C67FAAA5EB08}.Release_ServerSide_Company|Mixed Platforms.Build.0 = Release|Any CPU
		{A009698D-D249-4CC2-B77C-C67FAAA5EB08}.Release_ServerSide_Company|x86.ActiveCfg = Release|Any CPU
		{A009698D-D249-4CC2-B77C-C67FAAA5EB08}.Release_ServerSide_校园网版|Any CPU.ActiveCfg = Release|Any CPU
		{A009698D-D249-4CC2-B77C-C67FAAA5EB08}.Release_ServerSide_校园网版|Any CPU.Build.0 = Release|Any CPU
		{A009698D-D249-4CC2-B77C-C67FAAA5EB08}.Release_ServerSide_校园网版|Mixed Platforms.ActiveCfg = Release|Any CPU
		{A009698D-D249-4CC2-B77C-C67FAAA5EB08}.Release_ServerSide_校园网版|Mixed Platforms.Build.0 = Release|Any CPU
		{A009698D-D249-4CC2-B77C-C67FAAA5EB08}.Release_ServerSide_校园网版|x86.ActiveCfg = Release|Any CPU
		{A009698D-D249-4CC2-B77C-C67FAAA5EB08}.Release|Any CPU.ActiveCfg = Release|Any CPU
		{A009698D-D249-4CC2-B77C-C67FAAA5EB08}.Release|Any CPU.Build.0 = Release|Any CPU
		{A009698D-D249-4CC2-B77C-C67FAAA5EB08}.Release|Mixed Platforms.ActiveCfg = Release|Any CPU
		{A009698D-D249-4CC2-B77C-C67FAAA5EB08}.Release|Mixed Platforms.Build.0 = Release|Any CPU
		{A009698D-D249-4CC2-B77C-C67FAAA5EB08}.Release|x86.ActiveCfg = Release|Any CPU
		{24545E0C-1C5D-4D34-84C5-8FC5FCCFA02F}.Debug_ServerSide_Company|Any CPU.ActiveCfg = Debug|Any CPU
		{24545E0C-1C5D-4D34-84C5-8FC5FCCFA02F}.Debug_ServerSide_Company|Any CPU.Build.0 = Debug|Any CPU
		{24545E0C-1C5D-4D34-84C5-8FC5FCCFA02F}.Debug_ServerSide_Company|Mixed Platforms.ActiveCfg = Debug|Any CPU
		{24545E0C-1C5D-4D34-84C5-8FC5FCCFA02F}.Debug_ServerSide_Company|Mixed Platforms.Build.0 = Debug|Any CPU
		{24545E0C-1C5D-4D34-84C5-8FC5FCCFA02F}.Debug_ServerSide_Company|x86.ActiveCfg = Debug|Any CPU
		{24545E0C-1C5D-4D34-84C5-8FC5FCCFA02F}.Debug_ServerSide_校园网版|Any CPU.ActiveCfg = Debug|Any CPU
		{24545E0C-1C5D-4D34-84C5-8FC5FCCFA02F}.Debug_ServerSide_校园网版|Any CPU.Build.0 = Debug|Any CPU
		{24545E0C-1C5D-4D34-84C5-8FC5FCCFA02F}.Debug_ServerSide_校园网版|Mixed Platforms.ActiveCfg = Debug|Any CPU
		{24545E0C-1C5D-4D34-84C5-8FC5FCCFA02F}.Debug_ServerSide_校园网版|Mixed Platforms.Build.0 = Debug|Any CPU
		{24545E0C-1C5D-4D34-84C5-8FC5FCCFA02F}.Debug_ServerSide_校园网版|x86.ActiveCfg = Debug|Any CPU
		{24545E0C-1C5D-4D34-84C5-8FC5FCCFA02F}.Debug|Any CPU.ActiveCfg = Debug|Any CPU
		{24545E0C-1C5D-4D34-84C5-8FC5FCCFA02F}.Debug|Any CPU.Build.0 = Debug|Any CPU
		{24545E0C-1C5D-4D34-84C5-8FC5FCCFA02F}.Debug|Mixed Platforms.ActiveCfg = Debug|Any CPU
		{24545E0C-1C5D-4D34-84C5-8FC5FCCFA02F}.Debug|Mixed Platforms.Build.0 = Debug|Any CPU
		{24545E0C-1C5D-4D34-84C5-8FC5FCCFA02F}.Debug|x86.ActiveCfg = Debug|Any CPU
		{24545E0C-1C5D-4D34-84C5-8FC5FCCFA02F}.Release_ServerSide_Company|Any CPU.ActiveCfg = Release|Any CPU
		{24545E0C-1C5D-4D34-84C5-8FC5FCCFA02F}.Release_ServerSide_Company|Any CPU.Build.0 = Release|Any CPU
		{24545E0C-1C5D-4D34-84C5-8FC5FCCFA02F}.Release_ServerSide_Company|Mixed Platforms.ActiveCfg = Release|Any CPU
		{24545E0C-1C5D-4D34-84C5-8FC5FCCFA02F}.Release_ServerSide_Company|Mixed Platforms.Build.0 = Release|Any CPU
		{24545E0C-1C5D-4D34-84C5-8FC5FCCFA02F}.Release_ServerSide_Company|x86.ActiveCfg = Release|Any CPU
		{24545E0C-1C5D-4D34-84C5-8FC5FCCFA02F}.Release_ServerSide_校园网版|Any CPU.ActiveCfg = Release|Any CPU
		{24545E0C-1C5D-4D34-84C5-8FC5FCCFA02F}.Release_ServerSide_校园网版|Any CPU.Build.0 = Release|Any CPU
		{24545E0C-1C5D-4D34-84C5-8FC5FCCFA02F}.Release_ServerSide_校园网版|Mixed Platforms.ActiveCfg = Release|Any CPU
		{24545E0C-1C5D-4D34-84C5-8FC5FCCFA02F}.Release_ServerSide_校园网版|Mixed Platforms.Build.0 = Release|Any CPU
		{24545E0C-1C5D-4D34-84C5-8FC5FCCFA02F}.Release_ServerSide_校园网版|x86.ActiveCfg = Release|Any CPU
		{24545E0C-1C5D-4D34-84C5-8FC5FCCFA02F}.Release|Any CPU.ActiveCfg = Release|Any CPU
		{24545E0C-1C5D-4D34-84C5-8FC5FCCFA02F}.Release|Any CPU.Build.0 = Release|Any CPU
		{24545E0C-1C5D-4D34-84C5-8FC5FCCFA02F}.Release|Mixed Platforms.ActiveCfg = Release|Any CPU
		{24545E0C-1C5D-4D34-84C5-8FC5FCCFA02F}.Release|Mixed Platforms.Build.0 = Release|Any CPU
		{24545E0C-1C5D-4D34-84C5-8FC5FCCFA02F}.Release|x86.ActiveCfg = Release|Any CPU
		{18C00E6C-D0EA-482A-B825-74CD5974481D}.Debug_ServerSide_Company|Any CPU.ActiveCfg = Debug|Any CPU
		{18C00E6C-D0EA-482A-B825-74CD5974481D}.Debug_ServerSide_Company|Any CPU.Build.0 = Debug|Any CPU
		{18C00E6C-D0EA-482A-B825-74CD5974481D}.Debug_ServerSide_Company|Mixed Platforms.ActiveCfg = Debug|Any CPU
		{18C00E6C-D0EA-482A-B825-74CD5974481D}.Debug_ServerSide_Company|Mixed Platforms.Build.0 = Debug|Any CPU
		{18C00E6C-D0EA-482A-B825-74CD5974481D}.Debug_ServerSide_Company|x86.ActiveCfg = Debug|Any CPU
		{18C00E6C-D0EA-482A-B825-74CD5974481D}.Debug_ServerSide_校园网版|Any CPU.ActiveCfg = Debug|Any CPU
		{18C00E6C-D0EA-482A-B825-74CD5974481D}.Debug_ServerSide_校园网版|Any CPU.Build.0 = Debug|Any CPU
		{18C00E6C-D0EA-482A-B825-74CD5974481D}.Debug_ServerSide_校园网版|Mixed Platforms.ActiveCfg = Debug|Any CPU
		{18C00E6C-D0EA-482A-B825-74CD5974481D}.Debug_ServerSide_校园网版|Mixed Platforms.Build.0 = Debug|Any CPU
		{18C00E6C-D0EA-482A-B825-74CD5974481D}.Debug_ServerSide_校园网版|x86.ActiveCfg = Debug|Any CPU
		{18C00E6C-D0EA-482A-B825-74CD5974481D}.Debug|Any CPU.ActiveCfg = Debug|Any CPU
		{18C00E6C-D0EA-482A-B825-74CD5974481D}.Debug|Any CPU.Build.0 = Debug|Any CPU
		{18C00E6C-D0EA-482A-B825-74CD5974481D}.Debug|Mixed Platforms.ActiveCfg = Debug|Any CPU
		{18C00E6C-D0EA-482A-B825-74CD5974481D}.Debug|Mixed Platforms.Build.0 = Debug|Any CPU
		{18C00E6C-D0EA-482A-B825-74CD5974481D}.Debug|x86.ActiveCfg = Debug|Any CPU
		{18C00E6C-D0EA-482A-B825-74CD5974481D}.Release_ServerSide_Company|Any CPU.ActiveCfg = Release|Any CPU
		{18C00E6C-D0EA-482A-B825-74CD5974481D}.Release_ServerSide_Company|Any CPU.Build.0 = Release|Any CPU
		{18C00E6C-D0EA-482A-B825-74CD5974481D}.Release_ServerSide_Company|Mixed Platforms.ActiveCfg = Release|Any CPU
		{18C00E6C-D0EA-482A-B825-74CD5974481D}.Release_ServerSide_Company|Mixed Platforms.Build.0 = Release|Any CPU
		{18C00E6C-D0EA-482A-B825-74CD5974481D}.Release_ServerSide_Company|x86.ActiveCfg = Release|Any CPU
		{18C00E6C-D0EA-482A-B825-74CD5974481D}.Release_ServerSide_校园网版|Any CPU.ActiveCfg = Release|Any CPU
		{18C00E6C-D0EA-482A-B825-74CD5974481D}.Release_ServerSide_校园网版|Any CPU.Build.0 = Release|Any CPU
		{18C00E6C-D0EA-482A-B825-74CD5974481D}.Release_ServerSide_校园网版|Mixed Platforms.ActiveCfg = Release|Any CPU
		{18C00E6C-D0EA-482A-B825-74CD5974481D}.Release_ServerSide_校园网版|Mixed Platforms.Build.0 = Release|Any CPU
		{18C00E6C-D0EA-482A-B825-74CD5974481D}.Release_ServerSide_校园网版|x86.ActiveCfg = Release|Any CPU
		{18C00E6C-D0EA-482A-B825-74CD5974481D}.Release|Any CPU.ActiveCfg = Release|Any CPU
		{18C00E6C-D0EA-482A-B825-74CD5974481D}.Release|Any CPU.Build.0 = Release|Any CPU
		{18C00E6C-D0EA-482A-B825-74CD5974481D}.Release|Mixed Platforms.ActiveCfg = Release|Any CPU
		{18C00E6C-D0EA-482A-B825-74CD5974481D}.Release|Mixed Platforms.Build.0 = Release|Any CPU
		{18C00E6C-D0EA-482A-B825-74CD5974481D}.Release|x86.ActiveCfg = Release|Any CPU
		{B90618C7-895A-4D3C-8BE3-CE4631B5DDE0}.Debug_ServerSide_Company|Any CPU.ActiveCfg = Debug|Any CPU
		{B90618C7-895A-4D3C-8BE3-CE4631B5DDE0}.Debug_ServerSide_Company|Any CPU.Build.0 = Debug|Any CPU
		{B90618C7-895A-4D3C-8BE3-CE4631B5DDE0}.Debug_ServerSide_Company|Mixed Platforms.ActiveCfg = Debug|Any CPU
		{B90618C7-895A-4D3C-8BE3-CE4631B5DDE0}.Debug_ServerSide_Company|Mixed Platforms.Build.0 = Debug|Any CPU
		{B90618C7-895A-4D3C-8BE3-CE4631B5DDE0}.Debug_ServerSide_Company|x86.ActiveCfg = Debug|Any CPU
		{B90618C7-895A-4D3C-8BE3-CE4631B5DDE0}.Debug_ServerSide_校园网版|Any CPU.ActiveCfg = Debug|Any CPU
		{B90618C7-895A-4D3C-8BE3-CE4631B5DDE0}.Debug_ServerSide_校园网版|Any CPU.Build.0 = Debug|Any CPU
		{B90618C7-895A-4D3C-8BE3-CE4631B5DDE0}.Debug_ServerSide_校园网版|Mixed Platforms.ActiveCfg = Debug|Any CPU
		{B90618C7-895A-4D3C-8BE3-CE4631B5DDE0}.Debug_ServerSide_校园网版|Mixed Platforms.Build.0 = Debug|Any CPU
		{B90618C7-895A-4D3C-8BE3-CE4631B5DDE0}.Debug_ServerSide_校园网版|x86.ActiveCfg = Debug|Any CPU
		{B90618C7-895A-4D3C-8BE3-CE4631B5DDE0}.Debug|Any CPU.ActiveCfg = Debug|Any CPU
		{B90618C7-895A-4D3C-8BE3-CE4631B5DDE0}.Debug|Any CPU.Build.0 = Debug|Any CPU
		{B90618C7-895A-4D3C-8BE3-CE4631B5DDE0}.Debug|Mixed Platforms.ActiveCfg = Debug|Any CPU
		{B90618C7-895A-4D3C-8BE3-CE4631B5DDE0}.Debug|Mixed Platforms.Build.0 = Debug|Any CPU
		{B90618C7-895A-4D3C-8BE3-CE4631B5DDE0}.Debug|x86.ActiveCfg = Debug|Any CPU
		{B90618C7-895A-4D3C-8BE3-CE4631B5DDE0}.Release_ServerSide_Company|Any CPU.ActiveCfg = Release|Any CPU
		{B90618C7-895A-4D3C-8BE3-CE4631B5DDE0}.Release_ServerSide_Company|Any CPU.Build.0 = Release|Any CPU
		{B90618C7-895A-4D3C-8BE3-CE4631B5DDE0}.Release_ServerSide_Company|Mixed Platforms.ActiveCfg = Release|Any CPU
		{B90618C7-895A-4D3C-8BE3-CE4631B5DDE0}.Release_ServerSide_Company|Mixed Platforms.Build.0 = Release|Any CPU
		{B90618C7-895A-4D3C-8BE3-CE4631B5DDE0}.Release_ServerSide_Company|x86.ActiveCfg = Release|Any CPU
		{B90618C7-895A-4D3C-8BE3-CE4631B5DDE0}.Release_ServerSide_校园网版|Any CPU.ActiveCfg = Release|Any CPU
		{B90618C7-895A-4D3C-8BE3-CE4631B5DDE0}.Release_ServerSide_校园网版|Any CPU.Build.0 = Release|Any CPU
		{B90618C7-895A-4D3C-8BE3-CE4631B5DDE0}.Release_ServerSide_校园网版|Mixed Platforms.ActiveCfg = Release|Any CPU
		{B90618C7-895A-4D3C-8BE3-CE4631B5DDE0}.Release_ServerSide_校园网版|Mixed Platforms.Build.0 = Release|Any CPU
		{B90618C7-895A-4D3C-8BE3-CE4631B5DDE0}.Release_ServerSide_校园网版|x86.ActiveCfg = Release|Any CPU
		{B90618C7-895A-4D3C-8BE3-CE4631B5DDE0}.Release|Any CPU.ActiveCfg = Release|Any CPU
		{B90618C7-895A-4D3C-8BE3-CE4631B5DDE0}.Release|Any CPU.Build.0 = Release|Any CPU
		{B90618C7-895A-4D3C-8BE3-CE4631B5DDE0}.Release|Mixed Platforms.ActiveCfg = Release|Any CPU
		{B90618C7-895A-4D3C-8BE3-CE4631B5DDE0}.Release|Mixed Platforms.Build.0 = Release|Any CPU
		{B90618C7-895A-4D3C-8BE3-CE4631B5DDE0}.Release|x86.ActiveCfg = Release|Any CPU
		{77D3CA18-ED5B-4C9F-B3C8-27735B00DFF4}.Debug_ServerSide_Company|Any CPU.ActiveCfg = Debug|Any CPU
		{77D3CA18-ED5B-4C9F-B3C8-27735B00DFF4}.Debug_ServerSide_Company|Any CPU.Build.0 = Debug|Any CPU
		{77D3CA18-ED5B-4C9F-B3C8-27735B00DFF4}.Debug_ServerSide_Company|Mixed Platforms.ActiveCfg = Debug|Any CPU
		{77D3CA18-ED5B-4C9F-B3C8-27735B00DFF4}.Debug_ServerSide_Company|Mixed Platforms.Build.0 = Debug|Any CPU
		{77D3CA18-ED5B-4C9F-B3C8-27735B00DFF4}.Debug_ServerSide_Company|x86.ActiveCfg = Debug|Any CPU
		{77D3CA18-ED5B-4C9F-B3C8-27735B00DFF4}.Debug_ServerSide_校园网版|Any CPU.ActiveCfg = Debug|Any CPU
		{77D3CA18-ED5B-4C9F-B3C8-27735B00DFF4}.Debug_ServerSide_校园网版|Any CPU.Build.0 = Debug|Any CPU
		{77D3CA18-ED5B-4C9F-B3C8-27735B00DFF4}.Debug_ServerSide_校园网版|Mixed Platforms.ActiveCfg = Debug|Any CPU
		{77D3CA18-ED5B-4C9F-B3C8-27735B00DFF4}.Debug_ServerSide_校园网版|Mixed Platforms.Build.0 = Debug|Any CPU
		{77D3CA18-ED5B-4C9F-B3C8-27735B00DFF4}.Debug_ServerSide_校园网版|x86.ActiveCfg = Debug|Any CPU
		{77D3CA18-ED5B-4C9F-B3C8-27735B00DFF4}.Debug|Any CPU.ActiveCfg = Debug|Any CPU
		{77D3CA18-ED5B-4C9F-B3C8-27735B00DFF4}.Debug|Any CPU.Build.0 = Debug|Any CPU
		{77D3CA18-ED5B-4C9F-B3C8-27735B00DFF4}.Debug|Mixed Platforms.ActiveCfg = Debug|Any CPU
		{77D3CA18-ED5B-4C9F-B3C8-27735B00DFF4}.Debug|Mixed Platforms.Build.0 = Debug|Any CPU
		{77D3CA18-ED5B-4C9F-B3C8-27735B00DFF4}.Debug|x86.ActiveCfg = Debug|Any CPU
		{77D3CA18-ED5B-4C9F-B3C8-27735B00DFF4}.Release_ServerSide_Company|Any CPU.ActiveCfg = Release|Any CPU
		{77D3CA18-ED5B-4C9F-B3C8-27735B00DFF4}.Release_ServerSide_Company|Any CPU.Build.0 = Release|Any CPU
		{77D3CA18-ED5B-4C9F-B3C8-27735B00DFF4}.Release_ServerSide_Company|Mixed Platforms.ActiveCfg = Release|Any CPU
		{77D3CA18-ED5B-4C9F-B3C8-27735B00DFF4}.Release_ServerSide_Company|Mixed Platforms.Build.0 = Release|Any CPU
		{77D3CA18-ED5B-4C9F-B3C8-27735B00DFF4}.Release_ServerSide_Company|x86.ActiveCfg = Release|Any CPU
		{77D3CA18-ED5B-4C9F-B3C8-27735B00DFF4}.Release_ServerSide_校园网版|Any CPU.ActiveCfg = Release|Any CPU
		{77D3CA18-ED5B-4C9F-B3C8-27735B00DFF4}.Release_ServerSide_校园网版|Any CPU.Build.0 = Release|Any CPU
		{77D3CA18-ED5B-4C9F-B3C8-27735B00DFF4}.Release_ServerSide_校园网版|Mixed Platforms.ActiveCfg = Release|Any CPU
		{77D3CA18-ED5B-4C9F-B3C8-27735B00DFF4}.Release_ServerSide_校园网版|Mixed Platforms.Build.0 = Release|Any CPU
		{77D3CA18-ED5B-4C9F-B3C8-27735B00DFF4}.Release_ServerSide_校园网版|x86.ActiveCfg = Release|Any CPU
		{77D3CA18-ED5B-4C9F-B3C8-27735B00DFF4}.Release|Any CPU.ActiveCfg = Release|Any CPU
		{77D3CA18-ED5B-4C9F-B3C8-27735B00DFF4}.Release|Any CPU.Build.0 = Release|Any CPU
		{77D3CA18-ED5B-4C9F-B3C8-27735B00DFF4}.Release|Mixed Platforms.ActiveCfg = Release|Any CPU
		{77D3CA18-ED5B-4C9F-B3C8-27735B00DFF4}.Release|Mixed Platforms.Build.0 = Release|Any CPU
		{77D3CA18-ED5B-4C9F-B3C8-27735B00DFF4}.Release|x86.ActiveCfg = Release|Any CPU
		{9AE8FD15-B472-431D-AD88-A868E40A789B}.Debug_ServerSide_Company|Any CPU.ActiveCfg = Debug|Any CPU
		{9AE8FD15-B472-431D-AD88-A868E40A789B}.Debug_ServerSide_Company|Any CPU.Build.0 = Debug|Any CPU
		{9AE8FD15-B472-431D-AD88-A868E40A789B}.Debug_ServerSide_Company|Mixed Platforms.ActiveCfg = Debug|Any CPU
		{9AE8FD15-B472-431D-AD88-A868E40A789B}.Debug_ServerSide_Company|Mixed Platforms.Build.0 = Debug|Any CPU
		{9AE8FD15-B472-431D-AD88-A868E40A789B}.Debug_ServerSide_Company|x86.ActiveCfg = Debug|Any CPU
		{9AE8FD15-B472-431D-AD88-A868E40A789B}.Debug_ServerSide_校园网版|Any CPU.ActiveCfg = Debug|Any CPU
		{9AE8FD15-B472-431D-AD88-A868E40A789B}.Debug_ServerSide_校园网版|Any CPU.Build.0 = Debug|Any CPU
		{9AE8FD15-B472-431D-AD88-A868E40A789B}.Debug_ServerSide_校园网版|Mixed Platforms.ActiveCfg = Debug|Any CPU
		{9AE8FD15-B472-431D-AD88-A868E40A789B}.Debug_ServerSide_校园网版|Mixed Platforms.Build.0 = Debug|Any CPU
		{9AE8FD15-B472-431D-AD88-A868E40A789B}.Debug_ServerSide_校园网版|x86.ActiveCfg = Debug|Any CPU
		{9AE8FD15-B472-431D-AD88-A868E40A789B}.Debug|Any CPU.ActiveCfg = Debug|Any CPU
		{9AE8FD15-B472-431D-AD88-A868E40A789B}.Debug|Any CPU.Build.0 = Debug|Any CPU
		{9AE8FD15-B472-431D-AD88-A868E40A789B}.Debug|Mixed Platforms.ActiveCfg = Debug|Any CPU
		{9AE8FD15-B472-431D-AD88-A868E40A789B}.Debug|Mixed Platforms.Build.0 = Debug|Any CPU
		{9AE8FD15-B472-431D-AD88-A868E40A789B}.Debug|x86.ActiveCfg = Debug|Any CPU
		{9AE8FD15-B472-431D-AD88-A868E40A789B}.Release_ServerSide_Company|Any CPU.ActiveCfg = Release|Any CPU
		{9AE8FD15-B472-431D-AD88-A868E40A789B}.Release_ServerSide_Company|Any CPU.Build.0 = Release|Any CPU
		{9AE8FD15-B472-431D-AD88-A868E40A789B}.Release_ServerSide_Company|Mixed Platforms.ActiveCfg = Release|Any CPU
		{9AE8FD15-B472-431D-AD88-A868E40A789B}.Release_ServerSide_Company|Mixed Platforms.Build.0 = Release|Any CPU
		{9AE8FD15-B472-431D-AD88-A868E40A789B}.Release_ServerSide_Company|x86.ActiveCfg = Release|Any CPU
		{9AE8FD15-B472-431D-AD88-A868E40A789B}.Release_ServerSide_校园网版|Any CPU.ActiveCfg = Release|Any CPU
		{9AE8FD15-B472-431D-AD88-A868E40A789B}.Release_ServerSide_校园网版|Any CPU.Build.0 = Release|Any CPU
		{9AE8FD15-B472-431D-AD88-A868E40A789B}.Release_ServerSide_校园网版|Mixed Platforms.ActiveCfg = Release|Any CPU
		{9AE8FD15-B472-431D-AD88-A868E40A789B}.Release_ServerSide_校园网版|Mixed Platforms.Build.0 = Release|Any CPU
		{9AE8FD15-B472-431D-AD88-A868E40A789B}.Release_ServerSide_校园网版|x86.ActiveCfg = Release|Any CPU
		{9AE8FD15-B472-431D-AD88-A868E40A789B}.Release|Any CPU.ActiveCfg = Release|Any CPU
		{9AE8FD15-B472-431D-AD88-A868E40A789B}.Release|Any CPU.Build.0 = Release|Any CPU
		{9AE8FD15-B472-431D-AD88-A868E40A789B}.Release|Mixed Platforms.ActiveCfg = Release|Any CPU
		{9AE8FD15-B472-431D-AD88-A868E40A789B}.Release|Mixed Platforms.Build.0 = Release|Any CPU
		{9AE8FD15-B472-431D-AD88-A868E40A789B}.Release|x86.ActiveCfg = Release|Any CPU
		{4B09FAF7-0F3E-4885-82D9-1D9B2599C6C2}.Debug_ServerSide_Company|Any CPU.ActiveCfg = Debug|Any CPU
		{4B09FAF7-0F3E-4885-82D9-1D9B2599C6C2}.Debug_ServerSide_Company|Any CPU.Build.0 = Debug|Any CPU
		{4B09FAF7-0F3E-4885-82D9-1D9B2599C6C2}.Debug_ServerSide_Company|Mixed Platforms.ActiveCfg = Debug|Any CPU
		{4B09FAF7-0F3E-4885-82D9-1D9B2599C6C2}.Debug_ServerSide_Company|Mixed Platforms.Build.0 = Debug|Any CPU
		{4B09FAF7-0F3E-4885-82D9-1D9B2599C6C2}.Debug_ServerSide_Company|x86.ActiveCfg = Debug|Any CPU
		{4B09FAF7-0F3E-4885-82D9-1D9B2599C6C2}.Debug_ServerSide_校园网版|Any CPU.ActiveCfg = Debug|Any CPU
		{4B09FAF7-0F3E-4885-82D9-1D9B2599C6C2}.Debug_ServerSide_校园网版|Any CPU.Build.0 = Debug|Any CPU
		{4B09FAF7-0F3E-4885-82D9-1D9B2599C6C2}.Debug_ServerSide_校园网版|Mixed Platforms.ActiveCfg = Debug|Any CPU
		{4B09FAF7-0F3E-4885-82D9-1D9B2599C6C2}.Debug_ServerSide_校园网版|Mixed Platforms.Build.0 = Debug|Any CPU
		{4B09FAF7-0F3E-4885-82D9-1D9B2599C6C2}.Debug_ServerSide_校园网版|x86.ActiveCfg = Debug|Any CPU
		{4B09FAF7-0F3E-4885-82D9-1D9B2599C6C2}.Debug|Any CPU.ActiveCfg = Debug|Any CPU
		{4B09FAF7-0F3E-4885-82D9-1D9B2599C6C2}.Debug|Any CPU.Build.0 = Debug|Any CPU
		{4B09FAF7-0F3E-4885-82D9-1D9B2599C6C2}.Debug|Mixed Platforms.ActiveCfg = Debug|Any CPU
		{4B09FAF7-0F3E-4885-82D9-1D9B2599C6C2}.Debug|Mixed Platforms.Build.0 = Debug|Any CPU
		{4B09FAF7-0F3E-4885-82D9-1D9B2599C6C2}.Debug|x86.ActiveCfg = Debug|Any CPU
		{4B09FAF7-0F3E-4885-82D9-1D9B2599C6C2}.Release_ServerSide_Company|Any CPU.ActiveCfg = Release|Any CPU
		{4B09FAF7-0F3E-4885-82D9-1D9B2599C6C2}.Release_ServerSide_Company|Any CPU.Build.0 = Release|Any CPU
		{4B09FAF7-0F3E-4885-82D9-1D9B2599C6C2}.Release_ServerSide_Company|Mixed Platforms.ActiveCfg = Release|Any CPU
		{4B09FAF7-0F3E-4885-82D9-1D9B2599C6C2}.Release_ServerSide_Company|Mixed Platforms.Build.0 = Release|Any CPU
		{4B09FAF7-0F3E-4885-82D9-1D9B2599C6C2}.Release_ServerSide_Company|x86.ActiveCfg = Release|Any CPU
		{4B09FAF7-0F3E-4885-82D9-1D9B2599C6C2}.Release_ServerSide_校园网版|Any CPU.ActiveCfg = Release|Any CPU
		{4B09FAF7-0F3E-4885-82D9-1D9B2599C6C2}.Release_ServerSide_校园网版|Any CPU.Build.0 = Release|Any CPU
		{4B09FAF7-0F3E-4885-82D9-1D9B2599C6C2}.Release_ServerSide_校园网版|Mixed Platforms.ActiveCfg = Release|Any CPU
		{4B09FAF7-0F3E-4885-82D9-1D9B2599C6C2}.Release_ServerSide_校园网版|Mixed Platforms.Build.0 = Release|Any CPU
		{4B09FAF7-0F3E-4885-82D9-1D9B2599C6C2}.Release_ServerSide_校园网版|x86.ActiveCfg = Release|Any CPU
		{4B09FAF7-0F3E-4885-82D9-1D9B2599C6C2}.Release|Any CPU.ActiveCfg = Release|Any CPU
		{4B09FAF7-0F3E-4885-82D9-1D9B2599C6C2}.Release|Any CPU.Build.0 = Release|Any CPU
		{4B09FAF7-0F3E-4885-82D9-1D9B2599C6C2}.Release|Mixed Platforms.ActiveCfg = Release|Any CPU
		{4B09FAF7-0F3E-4885-82D9-1D9B2599C6C2}.Release|Mixed Platforms.Build.0 = Release|Any CPU
		{4B09FAF7-0F3E-4885-82D9-1D9B2599C6C2}.Release|x86.ActiveCfg = Release|Any CPU
		{97B6D014-EF4D-49C8-BF30-3C3F0D0933DA}.Debug_ServerSide_Company|Any CPU.ActiveCfg = Debug|Any CPU
		{97B6D014-EF4D-49C8-BF30-3C3F0D0933DA}.Debug_ServerSide_Company|Any CPU.Build.0 = Debug|Any CPU
		{97B6D014-EF4D-49C8-BF30-3C3F0D0933DA}.Debug_ServerSide_Company|Mixed Platforms.ActiveCfg = Debug|Any CPU
		{97B6D014-EF4D-49C8-BF30-3C3F0D0933DA}.Debug_ServerSide_Company|Mixed Platforms.Build.0 = Debug|Any CPU
		{97B6D014-EF4D-49C8-BF30-3C3F0D0933DA}.Debug_ServerSide_Company|x86.ActiveCfg = Debug|Any CPU
		{97B6D014-EF4D-49C8-BF30-3C3F0D0933DA}.Debug_ServerSide_校园网版|Any CPU.ActiveCfg = Debug|Any CPU
		{97B6D014-EF4D-49C8-BF30-3C3F0D0933DA}.Debug_ServerSide_校园网版|Any CPU.Build.0 = Debug|Any CPU
		{97B6D014-EF4D-49C8-BF30-3C3F0D0933DA}.Debug_ServerSide_校园网版|Mixed Platforms.ActiveCfg = Debug|Any CPU
		{97B6D014-EF4D-49C8-BF30-3C3F0D0933DA}.Debug_ServerSide_校园网版|Mixed Platforms.Build.0 = Debug|Any CPU
		{97B6D014-EF4D-49C8-BF30-3C3F0D0933DA}.Debug_ServerSide_校园网版|x86.ActiveCfg = Debug|Any CPU
		{97B6D014-EF4D-49C8-BF30-3C3F0D0933DA}.Debug|Any CPU.ActiveCfg = Debug|Any CPU
		{97B6D014-EF4D-49C8-BF30-3C3F0D0933DA}.Debug|Any CPU.Build.0 = Debug|Any CPU
		{97B6D014-EF4D-49C8-BF30-3C3F0D0933DA}.Debug|Mixed Platforms.ActiveCfg = Debug|Any CPU
		{97B6D014-EF4D-49C8-BF30-3C3F0D0933DA}.Debug|Mixed Platforms.Build.0 = Debug|Any CPU
		{97B6D014-EF4D-49C8-BF30-3C3F0D0933DA}.Debug|x86.ActiveCfg = Debug|Any CPU
		{97B6D014-EF4D-49C8-BF30-3C3F0D0933DA}.Release_ServerSide_Company|Any CPU.ActiveCfg = Release|Any CPU
		{97B6D014-EF4D-49C8-BF30-3C3F0D0933DA}.Release_ServerSide_Company|Any CPU.Build.0 = Release|Any CPU
		{97B6D014-EF4D-49C8-BF30-3C3F0D0933DA}.Release_ServerSide_Company|Mixed Platforms.ActiveCfg = Release|Any CPU
		{97B6D014-EF4D-49C8-BF30-3C3F0D0933DA}.Release_ServerSide_Company|Mixed Platforms.Build.0 = Release|Any CPU
		{97B6D014-EF4D-49C8-BF30-3C3F0D0933DA}.Release_ServerSide_Company|x86.ActiveCfg = Release|Any CPU
		{97B6D014-EF4D-49C8-BF30-3C3F0D0933DA}.Release_ServerSide_校园网版|Any CPU.ActiveCfg = Release|Any CPU
		{97B6D014-EF4D-49C8-BF30-3C3F0D0933DA}.Release_ServerSide_校园网版|Any CPU.Build.0 = Release|Any CPU
		{97B6D014-EF4D-49C8-BF30-3C3F0D0933DA}.Release_ServerSide_校园网版|Mixed Platforms.ActiveCfg = Release|Any CPU
		{97B6D014-EF4D-49C8-BF30-3C3F0D0933DA}.Release_ServerSide_校园网版|Mixed Platforms.Build.0 = Release|Any CPU
		{97B6D014-EF4D-49C8-BF30-3C3F0D0933DA}.Release_ServerSide_校园网版|x86.ActiveCfg = Release|Any CPU
		{97B6D014-EF4D-49C8-BF30-3C3F0D0933DA}.Release|Any CPU.ActiveCfg = Release|Any CPU
		{97B6D014-EF4D-49C8-BF30-3C3F0D0933DA}.Release|Any CPU.Build.0 = Release|Any CPU
		{97B6D014-EF4D-49C8-BF30-3C3F0D0933DA}.Release|Mixed Platforms.ActiveCfg = Release|Any CPU
		{97B6D014-EF4D-49C8-BF30-3C3F0D0933DA}.Release|Mixed Platforms.Build.0 = Release|Any CPU
		{97B6D014-EF4D-49C8-BF30-3C3F0D0933DA}.Release|x86.ActiveCfg = Release|Any CPU
		{0DD39E10-5348-4473-9235-C850824072CD}.Debug_ServerSide_Company|Any CPU.ActiveCfg = Debug|Any CPU
		{0DD39E10-5348-4473-9235-C850824072CD}.Debug_ServerSide_Company|Any CPU.Build.0 = Debug|Any CPU
		{0DD39E10-5348-4473-9235-C850824072CD}.Debug_ServerSide_Company|Mixed Platforms.ActiveCfg = Debug|Any CPU
		{0DD39E10-5348-4473-9235-C850824072CD}.Debug_ServerSide_Company|Mixed Platforms.Build.0 = Debug|Any CPU
		{0DD39E10-5348-4473-9235-C850824072CD}.Debug_ServerSide_Company|x86.ActiveCfg = Debug|Any CPU
		{0DD39E10-5348-4473-9235-C850824072CD}.Debug_ServerSide_校园网版|Any CPU.ActiveCfg = Debug|Any CPU
		{0DD39E10-5348-4473-9235-C850824072CD}.Debug_ServerSide_校园网版|Any CPU.Build.0 = Debug|Any CPU
		{0DD39E10-5348-4473-9235-C850824072CD}.Debug_ServerSide_校园网版|Mixed Platforms.ActiveCfg = Debug|Any CPU
		{0DD39E10-5348-4473-9235-C850824072CD}.Debug_ServerSide_校园网版|Mixed Platforms.Build.0 = Debug|Any CPU
		{0DD39E10-5348-4473-9235-C850824072CD}.Debug_ServerSide_校园网版|x86.ActiveCfg = Debug|Any CPU
		{0DD39E10-5348-4473-9235-C850824072CD}.Debug|Any CPU.ActiveCfg = Debug|Any CPU
		{0DD39E10-5348-4473-9235-C850824072CD}.Debug|Any CPU.Build.0 = Debug|Any CPU
		{0DD39E10-5348-4473-9235-C850824072CD}.Debug|Mixed Platforms.ActiveCfg = Debug|Any CPU
		{0DD39E10-5348-4473-9235-C850824072CD}.Debug|Mixed Platforms.Build.0 = Debug|Any CPU
		{0DD39E10-5348-4473-9235-C850824072CD}.Debug|x86.ActiveCfg = Debug|Any CPU
		{0DD39E10-5348-4473-9235-C850824072CD}.Release_ServerSide_Company|Any CPU.ActiveCfg = Release|Any CPU
		{0DD39E10-5348-4473-9235-C850824072CD}.Release_ServerSide_Company|Any CPU.Build.0 = Release|Any CPU
		{0DD39E10-5348-4473-9235-C850824072CD}.Release_ServerSide_Company|Mixed Platforms.ActiveCfg = Release|Any CPU
		{0DD39E10-5348-4473-9235-C850824072CD}.Release_ServerSide_Company|Mixed Platforms.Build.0 = Release|Any CPU
		{0DD39E10-5348-4473-9235-C850824072CD}.Release_ServerSide_Company|x86.ActiveCfg = Release|Any CPU
		{0DD39E10-5348-4473-9235-C850824072CD}.Release_ServerSide_校园网版|Any CPU.ActiveCfg = Release|Any CPU
		{0DD39E10-5348-4473-9235-C850824072CD}.Release_ServerSide_校园网版|Any CPU.Build.0 = Release|Any CPU
		{0DD39E10-5348-4473-9235-C850824072CD}.Release_ServerSide_校园网版|Mixed Platforms.ActiveCfg = Release|Any CPU
		{0DD39E10-5348-4473-9235-C850824072CD}.Release_ServerSide_校园网版|Mixed Platforms.Build.0 = Release|Any CPU
		{0DD39E10-5348-4473-9235-C850824072CD}.Release_ServerSide_校园网版|x86.ActiveCfg = Release|Any CPU
		{0DD39E10-5348-4473-9235-C850824072CD}.Release|Any CPU.ActiveCfg = Release|Any CPU
		{0DD39E10-5348-4473-9235-C850824072CD}.Release|Any CPU.Build.0 = Release|Any CPU
		{0DD39E10-5348-4473-9235-C850824072CD}.Release|Mixed Platforms.ActiveCfg = Release|Any CPU
		{0DD39E10-5348-4473-9235-C850824072CD}.Release|Mixed Platforms.Build.0 = Release|Any CPU
		{0DD39E10-5348-4473-9235-C850824072CD}.Release|x86.ActiveCfg = Release|Any CPU
		{E6E61E64-4FE6-4381-AD05-C13CBCDA3C45}.Debug_ServerSide_Company|Any CPU.ActiveCfg = Debug|Any CPU
		{E6E61E64-4FE6-4381-AD05-C13CBCDA3C45}.Debug_ServerSide_Company|Any CPU.Build.0 = Debug|Any CPU
		{E6E61E64-4FE6-4381-AD05-C13CBCDA3C45}.Debug_ServerSide_Company|Mixed Platforms.ActiveCfg = Debug|Any CPU
		{E6E61E64-4FE6-4381-AD05-C13CBCDA3C45}.Debug_ServerSide_Company|Mixed Platforms.Build.0 = Debug|Any CPU
		{E6E61E64-4FE6-4381-AD05-C13CBCDA3C45}.Debug_ServerSide_Company|x86.ActiveCfg = Debug|Any CPU
		{E6E61E64-4FE6-4381-AD05-C13CBCDA3C45}.Debug_ServerSide_校园网版|Any CPU.ActiveCfg = Debug|Any CPU
		{E6E61E64-4FE6-4381-AD05-C13CBCDA3C45}.Debug_ServerSide_校园网版|Any CPU.Build.0 = Debug|Any CPU
		{E6E61E64-4FE6-4381-AD05-C13CBCDA3C45}.Debug_ServerSide_校园网版|Mixed Platforms.ActiveCfg = Debug|Any CPU
		{E6E61E64-4FE6-4381-AD05-C13CBCDA3C45}.Debug_ServerSide_校园网版|Mixed Platforms.Build.0 = Debug|Any CPU
		{E6E61E64-4FE6-4381-AD05-C13CBCDA3C45}.Debug_ServerSide_校园网版|x86.ActiveCfg = Debug|Any CPU
		{E6E61E64-4FE6-4381-AD05-C13CBCDA3C45}.Debug|Any CPU.ActiveCfg = Debug|Any CPU
		{E6E61E64-4FE6-4381-AD05-C13CBCDA3C45}.Debug|Any CPU.Build.0 = Debug|Any CPU
		{E6E61E64-4FE6-4381-AD05-C13CBCDA3C45}.Debug|Mixed Platforms.ActiveCfg = Debug|Any CPU
		{E6E61E64-4FE6-4381-AD05-C13CBCDA3C45}.Debug|Mixed Platforms.Build.0 = Debug|Any CPU
		{E6E61E64-4FE6-4381-AD05-C13CBCDA3C45}.Debug|x86.ActiveCfg = Debug|Any CPU
		{E6E61E64-4FE6-4381-AD05-C13CBCDA3C45}.Release_ServerSide_Company|Any CPU.ActiveCfg = Release|Any CPU
		{E6E61E64-4FE6-4381-AD05-C13CBCDA3C45}.Release_ServerSide_Company|Any CPU.Build.0 = Release|Any CPU
		{E6E61E64-4FE6-4381-AD05-C13CBCDA3C45}.Release_ServerSide_Company|Mixed Platforms.ActiveCfg = Release|Any CPU
		{E6E61E64-4FE6-4381-AD05-C13CBCDA3C45}.Release_ServerSide_Company|Mixed Platforms.Build.0 = Release|Any CPU
		{E6E61E64-4FE6-4381-AD05-C13CBCDA3C45}.Release_ServerSide_Company|x86.ActiveCfg = Release|Any CPU
		{E6E61E64-4FE6-4381-AD05-C13CBCDA3C45}.Release_ServerSide_校园网版|Any CPU.ActiveCfg = Release|Any CPU
		{E6E61E64-4FE6-4381-AD05-C13CBCDA3C45}.Release_ServerSide_校园网版|Any CPU.Build.0 = Release|Any CPU
		{E6E61E64-4FE6-4381-AD05-C13CBCDA3C45}.Release_ServerSide_校园网版|Mixed Platforms.ActiveCfg = Release|Any CPU
		{E6E61E64-4FE6-4381-AD05-C13CBCDA3C45}.Release_ServerSide_校园网版|Mixed Platforms.Build.0 = Release|Any CPU
		{E6E61E64-4FE6-4381-AD05-C13CBCDA3C45}.Release_ServerSide_校园网版|x86.ActiveCfg = Release|Any CPU
		{E6E61E64-4FE6-4381-AD05-C13CBCDA3C45}.Release|Any CPU.ActiveCfg = Release|Any CPU
		{E6E61E64-4FE6-4381-AD05-C13CBCDA3C45}.Release|Any CPU.Build.0 = Release|Any CPU
		{E6E61E64-4FE6-4381-AD05-C13CBCDA3C45}.Release|Mixed Platforms.ActiveCfg = Release|Any CPU
		{E6E61E64-4FE6-4381-AD05-C13CBCDA3C45}.Release|Mixed Platforms.Build.0 = Release|Any CPU
		{E6E61E64-4FE6-4381-AD05-C13CBCDA3C45}.Release|x86.ActiveCfg = Release|Any CPU
		{0D7F7BFB-FA6A-4FA5-A7BA-E341A56C1AC1}.Debug_ServerSide_Company|Any CPU.ActiveCfg = Debug|Any CPU
		{0D7F7BFB-FA6A-4FA5-A7BA-E341A56C1AC1}.Debug_ServerSide_Company|Mixed Platforms.ActiveCfg = Debug|Any CPU
		{0D7F7BFB-FA6A-4FA5-A7BA-E341A56C1AC1}.Debug_ServerSide_Company|x86.ActiveCfg = Debug|Any CPU
		{0D7F7BFB-FA6A-4FA5-A7BA-E341A56C1AC1}.Debug_ServerSide_校园网版|Any CPU.ActiveCfg = Debug|Any CPU
		{0D7F7BFB-FA6A-4FA5-A7BA-E341A56C1AC1}.Debug_ServerSide_校园网版|Mixed Platforms.ActiveCfg = Debug|Any CPU
		{0D7F7BFB-FA6A-4FA5-A7BA-E341A56C1AC1}.Debug_ServerSide_校园网版|x86.ActiveCfg = Debug|Any CPU
		{0D7F7BFB-FA6A-4FA5-A7BA-E341A56C1AC1}.Debug|Any CPU.ActiveCfg = Debug|Any CPU
		{0D7F7BFB-FA6A-4FA5-A7BA-E341A56C1AC1}.Debug|Any CPU.Build.0 = Debug|Any CPU
		{0D7F7BFB-FA6A-4FA5-A7BA-E341A56C1AC1}.Debug|Mixed Platforms.ActiveCfg = Debug|Any CPU
		{0D7F7BFB-FA6A-4FA5-A7BA-E341A56C1AC1}.Debug|x86.ActiveCfg = Debug|Any CPU
		{0D7F7BFB-FA6A-4FA5-A7BA-E341A56C1AC1}.Release_ServerSide_Company|Any CPU.ActiveCfg = Release|Any CPU
		{0D7F7BFB-FA6A-4FA5-A7BA-E341A56C1AC1}.Release_ServerSide_Company|Mixed Platforms.ActiveCfg = Release|Any CPU
		{0D7F7BFB-FA6A-4FA5-A7BA-E341A56C1AC1}.Release_ServerSide_Company|x86.ActiveCfg = Release|Any CPU
		{0D7F7BFB-FA6A-4FA5-A7BA-E341A56C1AC1}.Release_ServerSide_校园网版|Any CPU.ActiveCfg = Release|Any CPU
		{0D7F7BFB-FA6A-4FA5-A7BA-E341A56C1AC1}.Release_ServerSide_校园网版|Mixed Platforms.ActiveCfg = Release|Any CPU
		{0D7F7BFB-FA6A-4FA5-A7BA-E341A56C1AC1}.Release_ServerSide_校园网版|x86.ActiveCfg = Release|Any CPU
		{0D7F7BFB-FA6A-4FA5-A7BA-E341A56C1AC1}.Release|Any CPU.ActiveCfg = Release|Any CPU
		{0D7F7BFB-FA6A-4FA5-A7BA-E341A56C1AC1}.Release|Any CPU.Build.0 = Release|Any CPU
		{0D7F7BFB-FA6A-4FA5-A7BA-E341A56C1AC1}.Release|Mixed Platforms.ActiveCfg = Release|Any CPU
		{0D7F7BFB-FA6A-4FA5-A7BA-E341A56C1AC1}.Release|x86.ActiveCfg = Release|Any CPU
		{BE883516-A57F-4DB6-8635-9A761238C77B}.Debug_ServerSide_Company|Any CPU.ActiveCfg = Debug_ServerSide_Company|Any CPU
		{BE883516-A57F-4DB6-8635-9A761238C77B}.Debug_ServerSide_Company|Any CPU.Build.0 = Debug_ServerSide_Company|Any CPU
		{BE883516-A57F-4DB6-8635-9A761238C77B}.Debug_ServerSide_Company|Mixed Platforms.ActiveCfg = Debug_ServerSide_Company|x86
		{BE883516-A57F-4DB6-8635-9A761238C77B}.Debug_ServerSide_Company|Mixed Platforms.Build.0 = Debug_ServerSide_Company|x86
		{BE883516-A57F-4DB6-8635-9A761238C77B}.Debug_ServerSide_Company|x86.ActiveCfg = Debug_ServerSide_Company|x86
		{BE883516-A57F-4DB6-8635-9A761238C77B}.Debug_ServerSide_Company|x86.Build.0 = Debug_ServerSide_Company|x86
		{BE883516-A57F-4DB6-8635-9A761238C77B}.Debug_ServerSide_校园网版|Any CPU.ActiveCfg = Debug_ServerSide_校园网版|Any CPU
		{BE883516-A57F-4DB6-8635-9A761238C77B}.Debug_ServerSide_校园网版|Any CPU.Build.0 = Debug_ServerSide_校园网版|Any CPU
		{BE883516-A57F-4DB6-8635-9A761238C77B}.Debug_ServerSide_校园网版|Mixed Platforms.ActiveCfg = Debug_ServerSide_校园网版|x86
		{BE883516-A57F-4DB6-8635-9A761238C77B}.Debug_ServerSide_校园网版|Mixed Platforms.Build.0 = Debug_ServerSide_校园网版|x86
		{BE883516-A57F-4DB6-8635-9A761238C77B}.Debug_ServerSide_校园网版|x86.ActiveCfg = Debug_ServerSide_校园网版|x86
		{BE883516-A57F-4DB6-8635-9A761238C77B}.Debug_ServerSide_校园网版|x86.Build.0 = Debug_ServerSide_校园网版|x86
		{BE883516-A57F-4DB6-8635-9A761238C77B}.Debug|Any CPU.ActiveCfg = Debug|Any CPU
		{BE883516-A57F-4DB6-8635-9A761238C77B}.Debug|Any CPU.Build.0 = Debug|Any CPU
		{BE883516-A57F-4DB6-8635-9A761238C77B}.Debug|Mixed Platforms.ActiveCfg = Debug|x86
		{BE883516-A57F-4DB6-8635-9A761238C77B}.Debug|Mixed Platforms.Build.0 = Debug|x86
		{BE883516-A57F-4DB6-8635-9A761238C77B}.Debug|x86.ActiveCfg = Debug|x86
		{BE883516-A57F-4DB6-8635-9A761238C77B}.Debug|x86.Build.0 = Debug|x86
		{BE883516-A57F-4DB6-8635-9A761238C77B}.Release_ServerSide_Company|Any CPU.ActiveCfg = Release_ServerSide_Company|Any CPU
		{BE883516-A57F-4DB6-8635-9A761238C77B}.Release_ServerSide_Company|Any CPU.Build.0 = Release_ServerSide_Company|Any CPU
		{BE883516-A57F-4DB6-8635-9A761238C77B}.Release_ServerSide_Company|Mixed Platforms.ActiveCfg = Release_ServerSide_Company|x86
		{BE883516-A57F-4DB6-8635-9A761238C77B}.Release_ServerSide_Company|Mixed Platforms.Build.0 = Release_ServerSide_Company|x86
		{BE883516-A57F-4DB6-8635-9A761238C77B}.Release_ServerSide_Company|x86.ActiveCfg = Release_ServerSide_Company|x86
		{BE883516-A57F-4DB6-8635-9A761238C77B}.Release_ServerSide_Company|x86.Build.0 = Release_ServerSide_Company|x86
		{BE883516-A57F-4DB6-8635-9A761238C77B}.Release_ServerSide_校园网版|Any CPU.ActiveCfg = Release_ServerSide_校园网版|Any CPU
		{BE883516-A57F-4DB6-8635-9A761238C77B}.Release_ServerSide_校园网版|Any CPU.Build.0 = Release_ServerSide_校园网版|Any CPU
		{BE883516-A57F-4DB6-8635-9A761238C77B}.Release_ServerSide_校园网版|Mixed Platforms.ActiveCfg = Release_ServerSide_校园网版|x86
		{BE883516-A57F-4DB6-8635-9A761238C77B}.Release_ServerSide_校园网版|Mixed Platforms.Build.0 = Release_ServerSide_校园网版|x86
		{BE883516-A57F-4DB6-8635-9A761238C77B}.Release_ServerSide_校园网版|x86.ActiveCfg = Release_ServerSide_校园网版|x86
		{BE883516-A57F-4DB6-8635-9A761238C77B}.Release_ServerSide_校园网版|x86.Build.0 = Release_ServerSide_校园网版|x86
		{BE883516-A57F-4DB6-8635-9A761238C77B}.Release|Any CPU.ActiveCfg = Release|Any CPU
		{BE883516-A57F-4DB6-8635-9A761238C77B}.Release|Any CPU.Build.0 = Release|Any CPU
		{BE883516-A57F-4DB6-8635-9A761238C77B}.Release|Mixed Platforms.ActiveCfg = Release|x86
		{BE883516-A57F-4DB6-8635-9A761238C77B}.Release|Mixed Platforms.Build.0 = Release|x86
		{BE883516-A57F-4DB6-8635-9A761238C77B}.Release|x86.ActiveCfg = Release|x86
		{BE883516-A57F-4DB6-8635-9A761238C77B}.Release|x86.Build.0 = Release|x86
	EndGlobalSection
	GlobalSection(SolutionProperties) = preSolution
		HideSolutionNode = FALSE
	EndGlobalSection
	GlobalSection(NestedProjects) = preSolution
		{CDCA3604-1C51-4A5E-AA18-781F5FBDB291} = {92DF0256-7FFD-4A2E-8860-7ABF871FA6F0}
		{A41B20FE-7A47-41DC-83AE-5E4CEE7F0929} = {92DF0256-7FFD-4A2E-8860-7ABF871FA6F0}
		{77D3CA18-ED5B-4C9F-B3C8-27735B00DFF4} = {CDCA3604-1C51-4A5E-AA18-781F5FBDB291}
		{9AE8FD15-B472-431D-AD88-A868E40A789B} = {A41B20FE-7A47-41DC-83AE-5E4CEE7F0929}
		{4B09FAF7-0F3E-4885-82D9-1D9B2599C6C2} = {A41B20FE-7A47-41DC-83AE-5E4CEE7F0929}
		{97B6D014-EF4D-49C8-BF30-3C3F0D0933DA} = {CDCA3604-1C51-4A5E-AA18-781F5FBDB291}
		{0DD39E10-5348-4473-9235-C850824072CD} = {A41B20FE-7A47-41DC-83AE-5E4CEE7F0929}
		{E6E61E64-4FE6-4381-AD05-C13CBCDA3C45} = {A41B20FE-7A47-41DC-83AE-5E4CEE7F0929}
		{0D7F7BFB-FA6A-4FA5-A7BA-E341A56C1AC1} = {A41B20FE-7A47-41DC-83AE-5E4CEE7F0929}
		{BE883516-A57F-4DB6-8635-9A761238C77B} = {A41B20FE-7A47-41DC-83AE-5E4CEE7F0929}
	EndGlobalSection
EndGlobal
